
Microsoft Visual Studio Solution File, Format Version 12.00
# Visual Studio Version 16
VisualStudioVersion = 16.0.29503.13
MinimumVisualStudioVersion = 10.0.40219.1
Project("{FAE04EC0-301F-11D3-BF4B-00C04F79EFBC}") = "MyNZBlog", "MyNZBlog\MyNZBlog.csproj", "{2CCF20F6-A41E-492A-B0B1-DBDDB82C2D21}"
EndProject
Global
	GlobalSection(SolutionConfigurationPlatforms) = preSolution
		Debug|Any CPU = Debug|Any CPU
		Release|Any CPU = Release|Any CPU
	EndGlobalSection
	GlobalSection(ProjectConfigurationPlatforms) = postSolution
		{2CCF20F6-A41E-492A-B0B1-DBDDB82C2D21}.Debug|Any CPU.ActiveCfg = Debug|Any CPU
		{2CCF20F6-A41E-492A-B0B1-DBDDB82C2D21}.Debug|Any CPU.Build.0 = Debug|Any CPU
		{2CCF20F6-A41E-492A-B0B1-DBDDB82C2D21}.Release|Any CPU.ActiveCfg = Release|Any CPU
		{2CCF20F6-A41E-492A-B0B1-DBDDB82C2D21}.Release|Any CPU.Build.0 = Release|Any CPU
	EndGlobalSection
	GlobalSection(SolutionProperties) = preSolution
		HideSolutionNode = FALSE
	EndGlobalSection
	GlobalSection(ExtensibilityGlobals) = postSolution
		SolutionGuid = {8C3CBE2A-9868-4177-AA95-307E85532409}
	EndGlobalSection
EndGlobal
